github.com/MaxHalford/halfgone v0.0.0-20171017091812-482157b86ccb h1:YQ+d0g0P0F/06oDoeEgDHeZCIrnKgLxXcqYOpe8sTuU=
github.com/MaxHalford/halfgone v0.0.0-20171017091812-482157b86ccb/go.mod h1:J86XzS1wgzJPjpQmpriJ+SetP17JSQUd9l+HWQK86jA=
github.com/stianeikeland/go-rpio/v4 v4.4.0 h1:LScvNyXHF412co42LG5t7bvBDbtDAhLF828ebaGqmjA=
github.com/stianeikeland/go-rpio/v4 v4.4.0/go.mod h1:BkK52zk+FRk8wCTDf88/86Sojc+NfUiCAHd1ZV3RuTM=
golang.org/x/sys v0.0.0-20190209173611-3b5209105503 h1:5SvYFrOM3W8Mexn9/oA44Ji7vhXAZQ9hiP+1Q/DMrWg=
golang.org/x/sys v0.0.0-20190209173611-3b5209105503/go.mod h1:STP8DvDyc/dI5b8T5hshtkjS+E42TnysNCUPdjciGhY=
