github.com/MaxHalford/halfgone v0.0.0-20171017091812-482157b86ccb h1:YQ+d0g0P0F/06oDoeEgDHeZCIrnKgLxXcqYOpe8sTuU=
github.com/MaxHalford/halfgone v0.0.0-20171017091812-482157b86ccb/go.mod h1:J86XzS1wgzJPjpQmpriJ+SetP17JSQUd9l+HWQK86jA=
github.com/stianeikeland/go-rpio/v4 v4.6.0 h1:eAJgtw3jTtvn/CqwbC82ntcS+dtzUTgo5qlZKe677EY=
github.com/stianeikeland/go-rpio/v4 v4.6.0/go.mod h1:A3GvHxC1Om5zaId+HqB3HKqx4K/AqeckxB7qRjxMK7o=
golang.org/x/sys v0.13.0 h1:Af8nKPmuFypiUBjVoU9V20FiaFXOcuZI21p0ycVYYGE=
golang.org/x/sys v0.13.0/go.mod h1:oPkhp1MJrh7nUepCBck5+mAzfO9JrbApNNgaTdGDITg=
